
Microsoft Visual Studio Solution File, Format Version 12.00
# Visual Studio 15
VisualStudioVersion = 15.0.26228.4
MinimumVisualStudioVersion = 10.0.40219.1
Project("{2150E333-8FDC-42A3-9474-1A3956D46DE8}") = "Presentation", "Presentation", "{D88A954F-D9FE-4FEF-94F4-E7F9B2599DDB}"
EndProject
Project("{FAE04EC0-301F-11D3-BF4B-00C04F79EFBC}") = "NBBBS.Web", "NBBBS.Web\NBBBS.Web.csproj", "{86D84D68-E477-4019-B5FB-BC7ACA799813}"
EndProject
Project("{2150E333-8FDC-42A3-9474-1A3956D46DE8}") = "Libraries", "Libraries", "{02359E64-FC7B-4968-A0AC-8FFC733EC0DA}"
EndProject
Project("{FAE04EC0-301F-11D3-BF4B-00C04F79EFBC}") = "NBBBS.Core", "NBBBS.Core\NBBBS.Core.csproj", "{897AE93B-8D9B-451C-899A-DC8218446F32}"
EndProject
Project("{FAE04EC0-301F-11D3-BF4B-00C04F79EFBC}") = "NBBBS.Data", "NBBBS.Data\NBBBS.Data.csproj", "{4E7B9E8F-A0B8-4739-9D40-54ABC025D904}"
EndProject
Project("{FAE04EC0-301F-11D3-BF4B-00C04F79EFBC}") = "NBBBS.Service", "NBBBS.Service\NBBBS.Service.csproj", "{D6DDEE3B-0C9E-4CE4-A57B-5C42DA9BD362}"
EndProject
Global
	GlobalSection(SolutionConfigurationPlatforms) = preSolution
		Debug|Any CPU = Debug|Any CPU
		Release|Any CPU = Release|Any CPU
	EndGlobalSection
	GlobalSection(ProjectConfigurationPlatforms) = postSolution
		{86D84D68-E477-4019-B5FB-BC7ACA799813}.Debug|Any CPU.ActiveCfg = Debug|Any CPU
		{86D84D68-E477-4019-B5FB-BC7ACA799813}.Debug|Any CPU.Build.0 = Debug|Any CPU
		{86D84D68-E477-4019-B5FB-BC7ACA799813}.Release|Any CPU.ActiveCfg = Release|Any CPU
		{86D84D68-E477-4019-B5FB-BC7ACA799813}.Release|Any CPU.Build.0 = Release|Any CPU
		{897AE93B-8D9B-451C-899A-DC8218446F32}.Debug|Any CPU.ActiveCfg = Debug|Any CPU
		{897AE93B-8D9B-451C-899A-DC8218446F32}.Debug|Any CPU.Build.0 = Debug|Any CPU
		{897AE93B-8D9B-451C-899A-DC8218446F32}.Release|Any CPU.ActiveCfg = Release|Any CPU
		{897AE93B-8D9B-451C-899A-DC8218446F32}.Release|Any CPU.Build.0 = Release|Any CPU
		{4E7B9E8F-A0B8-4739-9D40-54ABC025D904}.Debug|Any CPU.ActiveCfg = Debug|Any CPU
		{4E7B9E8F-A0B8-4739-9D40-54ABC025D904}.Debug|Any CPU.Build.0 = Debug|Any CPU
		{4E7B9E8F-A0B8-4739-9D40-54ABC025D904}.Release|Any CPU.ActiveCfg = Release|Any CPU
		{4E7B9E8F-A0B8-4739-9D40-54ABC025D904}.Release|Any CPU.Build.0 = Release|Any CPU
		{D6DDEE3B-0C9E-4CE4-A57B-5C42DA9BD362}.Debug|Any CPU.ActiveCfg = Debug|Any CPU
		{D6DDEE3B-0C9E-4CE4-A57B-5C42DA9BD362}.Debug|Any CPU.Build.0 = Debug|Any CPU
		{D6DDEE3B-0C9E-4CE4-A57B-5C42DA9BD362}.Release|Any CPU.ActiveCfg = Release|Any CPU
		{D6DDEE3B-0C9E-4CE4-A57B-5C42DA9BD362}.Release|Any CPU.Build.0 = Release|Any CPU
	EndGlobalSection
	GlobalSection(SolutionProperties) = preSolution
		HideSolutionNode = FALSE
	EndGlobalSection
	GlobalSection(NestedProjects) = preSolution
		{86D84D68-E477-4019-B5FB-BC7ACA799813} = {D88A954F-D9FE-4FEF-94F4-E7F9B2599DDB}
		{897AE93B-8D9B-451C-899A-DC8218446F32} = {02359E64-FC7B-4968-A0AC-8FFC733EC0DA}
		{4E7B9E8F-A0B8-4739-9D40-54ABC025D904} = {02359E64-FC7B-4968-A0AC-8FFC733EC0DA}
		{D6DDEE3B-0C9E-4CE4-A57B-5C42DA9BD362} = {02359E64-FC7B-4968-A0AC-8FFC733EC0DA}
	EndGlobalSection
EndGlobal
